
Microsoft Visual Studio Solution File, Format Version 12.00
# Visual Studio 15
VisualStudioVersion = 15.0.28010.2046
MinimumVisualStudioVersion = 10.0.40219.1
Project("{FAE04EC0-301F-11D3-BF4B-00C04F79EFBC}") = "QuartzEastNetQ", "QuartzEastNetQ\QuartzEastNetQ.csproj", "{86B80AEA-5D72-4BF8-A3C4-24A9FB33CF40}"
EndProject
Global
	GlobalSection(SolutionConfigurationPlatforms) = preSolution
		Debug|Any CPU = Debug|Any CPU
		Release|Any CPU = Release|Any CPU
	EndGlobalSection
	GlobalSection(ProjectConfigurationPlatforms) = postSolution
		{86B80AEA-5D72-4BF8-A3C4-24A9FB33CF40}.Debug|Any CPU.ActiveCfg = Debug|Any CPU
		{86B80AEA-5D72-4BF8-A3C4-24A9FB33CF40}.Debug|Any CPU.Build.0 = Debug|Any CPU
		{86B80AEA-5D72-4BF8-A3C4-24A9FB33CF40}.Release|Any CPU.ActiveCfg = Release|Any CPU
		{86B80AEA-5D72-4BF8-A3C4-24A9FB33CF40}.Release|Any CPU.Build.0 = Release|Any CPU
	EndGlobalSection
	GlobalSection(SolutionProperties) = preSolution
		HideSolutionNode = FALSE
	EndGlobalSection
	GlobalSection(ExtensibilityGlobals) = postSolution
		SolutionGuid = {1C293FB4-4B62-4130-BD3A-18C36EC79556}
	EndGlobalSection
EndGlobal
